
Microsoft Visual Studio Solution File, Format Version 11.00
# Visual Studio 2010
Project("{FAE04EC0-301F-11D3-BF4B-00C04F79EFBC}") = "HelloPlatformer", "Assembly-CSharp.csproj", "{59166373-6EE7-694F-CB60-5E6A38F9F25A}"
EndProject
Global
	GlobalSection(SolutionConfigurationPlatforms) = preSolution
		Debug|Any CPU = Debug|Any CPU
		Release|Any CPU = Release|Any CPU
	EndGlobalSection
	GlobalSection(ProjectConfigurationPlatforms) = postSolution
		{59166373-6EE7-694F-CB60-5E6A38F9F25A}.Debug|Any CPU.ActiveCfg = Debug|Any CPU
		{59166373-6EE7-694F-CB60-5E6A38F9F25A}.Debug|Any CPU.Build.0 = Debug|Any CPU
		{59166373-6EE7-694F-CB60-5E6A38F9F25A}.Release|Any CPU.ActiveCfg = Release|Any CPU
		{59166373-6EE7-694F-CB60-5E6A38F9F25A}.Release|Any CPU.Build.0 = Release|Any CPU
	EndGlobalSection
	GlobalSection(SolutionProperties) = preSolution
		HideSolutionNode = FALSE
	EndGlobalSection
	GlobalSection(MonoDevelopProperties) = preSolution
		StartupItem = Assembly-CSharp.csproj
	EndGlobalSection
EndGlobal
